{
  "version": 4,
  "terraform_version": "0.12.28",
  "serial": 24,
  "lineage": "c9388df4-0099-57b5-baf9-e48889e539fc",
  "outputs": {},
  "resources": [
    {
      "mode": "managed",
      "type": "google_compute_firewall",
      "name": "gcf-default-allow-http-and-https",
      "provider": "provider.google",
      "instances": [
        {
          "schema_version": 1,
          "attributes": {
            "allow": [
              {
                "ports": [
                  "80",
                  "443"
                ],
                "protocol": "tcp"
              }
            ],
            "creation_timestamp": "2020-10-20T01:43:52.973-07:00",
            "deny": [],
            "description": "",
            "destination_ranges": [],
            "direction": "INGRESS",
            "disabled": false,
            "enable_logging": false,
            "id": "projects/projectvoltron/global/firewalls/gke-allow-http-s-voltron-dev1",
            "name": "gke-allow-http-s-voltron-dev1",
            "network": "https://www.googleapis.com/compute/v1/projects/projectvoltron/global/networks/dev-vpc-network",
            "priority": 1000,
            "project": "projectvoltron",
            "self_link": "https://www.googleapis.com/compute/v1/projects/projectvoltron/global/firewalls/gke-allow-http-s-voltron-dev1",
            "source_ranges": [
              "0.0.0.0/0"
            ],
            "source_service_accounts": null,
            "source_tags": null,
            "target_service_accounts": null,
            "target_tags": null,
            "timeouts": null
          },
          "private": "eyJlMmJmYjczMC1lY2FhLTExZTYtOGY4OC0zNDM2M2JjN2M0YzAiOnsiY3JlYXRlIjoyNDAwMDAwMDAwMDAsImRlbGV0ZSI6MjQwMDAwMDAwMDAwLCJ1cGRhdGUiOjI0MDAwMDAwMDAwMH0sInNjaGVtYV92ZXJzaW9uIjoiMSJ9",
          "dependencies": [
            "google_compute_network.gcn_vpc"
          ]
        }
      ]
    },
    {
      "mode": "managed",
      "type": "google_compute_network",
      "name": "gcn_vpc",
      "provider": "provider.google",
      "instances": [
        {
          "schema_version": 0,
          "attributes": {
            "auto_create_subnetworks": false,
            "delete_default_routes_on_create": false,
            "description": "",
            "gateway_ipv4": "",
            "id": "projects/projectvoltron/global/networks/dev-vpc-network",
            "ipv4_range": null,
            "name": "dev-vpc-network",
            "project": "projectvoltron",
            "routing_mode": "REGIONAL",
            "self_link": "https://www.googleapis.com/compute/v1/projects/projectvoltron/global/networks/dev-vpc-network",
            "timeouts": null
          },
          "private": "eyJlMmJmYjczMC1lY2FhLTExZTYtOGY4OC0zNDM2M2JjN2M0YzAiOnsiY3JlYXRlIjoyNDAwMDAwMDAwMDAsImRlbGV0ZSI6MjQwMDAwMDAwMDAwLCJ1cGRhdGUiOjI0MDAwMDAwMDAwMH19"
        }
      ]
    },
    {
      "mode": "managed",
      "type": "google_compute_router",
      "name": "gcr_router",
      "provider": "provider.google",
      "instances": [
        {
          "schema_version": 0,
          "attributes": {
            "bgp": [],
            "creation_timestamp": "2020-10-20T01:43:53.162-07:00",
            "description": "",
            "id": "projects/projectvoltron/regions/europe-west3/routers/voltron-dev1",
            "name": "voltron-dev1",
            "network": "https://www.googleapis.com/compute/v1/projects/projectvoltron/global/networks/dev-vpc-network",
            "project": "projectvoltron",
            "region": "europe-west3",
            "self_link": "https://www.googleapis.com/compute/v1/projects/projectvoltron/regions/europe-west3/routers/voltron-dev1",
            "timeouts": null
          },
          "private": "eyJlMmJmYjczMC1lY2FhLTExZTYtOGY4OC0zNDM2M2JjN2M0YzAiOnsiY3JlYXRlIjoyNDAwMDAwMDAwMDAsImRlbGV0ZSI6MjQwMDAwMDAwMDAwLCJ1cGRhdGUiOjI0MDAwMDAwMDAwMH19",
          "dependencies": [
            "google_compute_network.gcn_vpc"
          ]
        }
      ]
    },
    {
      "mode": "managed",
      "type": "google_compute_router_nat",
      "name": "gcrn_nat",
      "provider": "provider.google",
      "instances": [
        {
          "schema_version": 0,
          "attributes": {
            "drain_nat_ips": null,
            "icmp_idle_timeout_sec": 30,
            "id": "projectvoltron/europe-west3/voltron-dev1/voltron-dev1",
            "log_config": [],
            "min_ports_per_vm": 0,
            "name": "voltron-dev1",
            "nat_ip_allocate_option": "AUTO_ONLY",
            "nat_ips": null,
            "project": "projectvoltron",
            "region": "europe-west3",
            "router": "voltron-dev1",
            "source_subnetwork_ip_ranges_to_nat": "ALL_SUBNETWORKS_ALL_IP_RANGES",
            "subnetwork": [],
            "tcp_established_idle_timeout_sec": 1200,
            "tcp_transitory_idle_timeout_sec": 30,
            "timeouts": null,
            "udp_idle_timeout_sec": 30
          },
          "private": "eyJlMmJmYjczMC1lY2FhLTExZTYtOGY4OC0zNDM2M2JjN2M0YzAiOnsiY3JlYXRlIjo2MDAwMDAwMDAwMDAsImRlbGV0ZSI6NjAwMDAwMDAwMDAwLCJ1cGRhdGUiOjYwMDAwMDAwMDAwMH19",
          "dependencies": [
            "google_compute_network.gcn_vpc",
            "google_compute_router.gcr_router"
          ]
        }
      ]
    },
    {
      "mode": "managed",
      "type": "google_compute_subnetwork",
      "name": "gcs_compute_subnetwork",
      "provider": "provider.google",
      "instances": [
        {
          "schema_version": 0,
          "attributes": {
            "creation_timestamp": "2020-10-20T01:43:53.157-07:00",
            "description": "",
            "enable_flow_logs": null,
            "fingerprint": null,
            "gateway_address": "172.16.0.1",
            "id": "projects/projectvoltron/regions/europe-west3/subnetworks/dev1-subnetwork",
            "ip_cidr_range": "172.16.0.0/28",
            "log_config": [],
            "name": "dev1-subnetwork",
            "network": "https://www.googleapis.com/compute/v1/projects/projectvoltron/global/networks/dev-vpc-network",
            "private_ip_google_access": true,
            "project": "projectvoltron",
            "region": "europe-west3",
            "secondary_ip_range": [
              {
                "ip_cidr_range": "10.0.0.0/14",
                "range_name": "gke-dev1-pods"
              },
              {
                "ip_cidr_range": "10.4.0.0/20",
                "range_name": "gke-dev1-services"
              }
            ],
            "self_link": "https://www.googleapis.com/compute/v1/projects/projectvoltron/regions/europe-west3/subnetworks/dev1-subnetwork",
            "timeouts": null
          },
          "private": "eyJlMmJmYjczMC1lY2FhLTExZTYtOGY4OC0zNDM2M2JjN2M0YzAiOnsiY3JlYXRlIjozNjAwMDAwMDAwMDAsImRlbGV0ZSI6MzYwMDAwMDAwMDAwLCJ1cGRhdGUiOjM2MDAwMDAwMDAwMH19",
          "dependencies": [
            "google_compute_network.gcn_vpc"
          ]
        }
      ]
    },
    {
      "mode": "managed",
      "type": "google_container_cluster",
      "name": "gcc-cls",
      "provider": "provider.google",
      "instances": [
        {
          "schema_version": 1,
          "attributes": {
            "additional_zones": [],
            "addons_config": [
              {
                "cloudrun_config": [],
                "horizontal_pod_autoscaling": [],
                "http_load_balancing": [],
                "kubernetes_dashboard": [],
                "network_policy_config": [
                  {
                    "disabled": true
                  }
                ]
              }
            ],
            "authenticator_groups_config": [],
            "cluster_autoscaling": [
              {
                "auto_provisioning_defaults": [
                  {
                    "oauth_scopes": [
                      "https://www.googleapis.com/auth/logging.write",
                      "https://www.googleapis.com/auth/monitoring"
                    ],
                    "service_account": "default"
                  }
                ],
                "enabled": true,
                "resource_limits": [
                  {
                    "maximum": 2,
                    "minimum": 1,
                    "resource_type": "cpu"
                  },
                  {
                    "maximum": 12,
                    "minimum": 6,
                    "resource_type": "memory"
                  }
                ]
              }
            ],
            "cluster_ipv4_cidr": "10.0.0.0/14",
            "database_encryption": [
              {
                "key_name": "",
                "state": "DECRYPTED"
              }
            ],
            "default_max_pods_per_node": 110,
            "description": "",
            "enable_binary_authorization": false,
            "enable_intranode_visibility": null,
            "enable_kubernetes_alpha": false,
            "enable_legacy_abac": false,
            "enable_shielded_nodes": false,
            "enable_tpu": null,
            "endpoint": "35.246.139.104",
            "id": "projects/projectvoltron/locations/europe-west3/clusters/voltron-dev1",
            "initial_node_count": 1,
            "instance_group_urls": [],
            "ip_allocation_policy": [
              {
                "cluster_ipv4_cidr_block": "10.0.0.0/14",
                "cluster_secondary_range_name": "gke-dev1-pods",
                "node_ipv4_cidr_block": "",
                "services_ipv4_cidr_block": "10.4.0.0/20",
                "services_secondary_range_name": "gke-dev1-services",
                "subnetwork_name": ""
              }
            ],
            "label_fingerprint": "a9dc16a7",
            "location": "europe-west3",
            "logging_service": "logging.googleapis.com/kubernetes",
            "maintenance_policy": [
              {
                "daily_maintenance_window": [],
                "recurring_window": [
                  {
                    "end_time": "2019-08-01T06:00:00Z",
                    "recurrence": "FREQ=WEEKLY;BYDAY=MO,TU,WE,TH,FR",
                    "start_time": "2019-08-01T02:00:00Z"
                  }
                ]
              }
            ],
            "master_auth": [
              {
                "client_certificate": "",
                "client_certificate_config": [
                  {
                    "issue_client_certificate": false
                  }
                ],
                "client_key": "",
                "cluster_ca_certificate": "LS0tLS1CRUdJTiBDRVJUSUZJQ0FURS0tLS0tCk1JSURLekNDQWhPZ0F3SUJBZ0lSQUtRR3RPcFNzS1draWg5ZS96Y3M3OWd3RFFZSktvWklodmNOQVFFTEJRQXcKTHpFdE1Dc0dBMVVFQXhNa05UaGxZell3TXpZdE1qVTRZUzAwTkRNMkxXRmhZMkV0WkRnek5HVTNNVEF4TkdSbQpNQjRYRFRJd01UQXlNREEzTkRReE5Wb1hEVEkxTVRBeE9UQTRORFF4TlZvd0x6RXRNQ3NHQTFVRUF4TWtOVGhsCll6WXdNell0TWpVNFlTMDBORE0yTFdGaFkyRXRaRGd6TkdVM01UQXhOR1JtTUlJQklqQU5CZ2txaGtpRzl3MEIKQVFFRkFBT0NBUThBTUlJQkNnS0NBUUVBN296cHhzSDFNcFpucDQ0RmNmcTExaXpOT2sxdjVBZUEwb0N5MjRscwo3dDNoSVo3d0FGZDZOR3Y5bmJ2RlBUSTE5WDVHYWFQbFh3UjNVaHpWRzdscllWZXNkT0ZNQ1FRMUwzcFl3L3VICmw1NmRxOTRWRHBSR1FUVDAwV1ZZWUVFVlhOZTFIZENGT25RaUlDODJhQjd4OHZRUTlZbTg4R3RiU1hrK25rQnYKS2xvSnc3UEwyZW5YR2JZLytJR1lidzhwVDQzSUY1Y3lvUm9zU1hsMFlXREVoWUNwU08vMWRxQ1ZVcW94a1FnbgpmUUp5R2hjNW5kN0swdmFCZFVXUnhoeE1ZWkhqcTdkV2swbDZUMGpTMTdNTHNmTFJjR0NlTWFHRXhuaGxIbTJkCjdDcTR6SGR0SEdlTk04cHBCckJvM2Z6SDliWkM1SExxaERiV1R6cVJRQVZuOXdJREFRQUJvMEl3UURBT0JnTlYKSFE4QkFmOEVCQU1DQWdRd0R3WURWUjBUQVFIL0JBVXdBd0VCL3pBZEJnTlZIUTRFRmdRVVhSUThvZVlzSzB5Tgo2SFk1MWZVazloTWtGUVl3RFFZSktvWklodmNOQVFFTEJRQURnZ0VCQUlOVDVudU5obmZOeVoyMVdBK2VEN3Q1CkloUFIrY1Z6UWRxRXJtd0swS3ZpdXJlMXZVbDJscC9VdW14YmF1akk3QzZlMUw2UDc1QzUycnZxRit2TU5yaGQKQjdTejlGY25Zamc4Y2hvVnVqWmtrM1k1UGFobGZ6WXA1M2ZMQnoxV3I1WnpIcGx5TXV1SFg1RTZoSGxWU3Q4cgpDUkNIeEprcnZud21zYWNHUVNKU1VJM0c4dCsvSWIvMnZYankxRTBKdXBuQlNlQm5SWU5BU0ZUMm1RZVdXT1VHCjQ3d1hGeU5HTGdpNitGajNRQ1hjQWhRWkh6Q1h5V1F2eTJZeGdvWXBic0dob2lKQmtUUWwwL0puNHUzMnhXMzkKeEVUT05jK1h6TUVIZHlFcUQwenVIT2lqdFNaVWpZa2hQOWR1TkdkVCs2QXl1MnF5RExkVmZIUlUrRHV0Mkc0PQotLS0tLUVORCBDRVJUSUZJQ0FURS0tLS0tCg==",
                "password": "",
                "username": ""
              }
            ],
            "master_authorized_networks_config": [
              {
                "cidr_blocks": null
              }
            ],
            "master_version": "1.16.13-gke.401",
            "min_master_version": null,
            "monitoring_service": "monitoring.googleapis.com/kubernetes",
            "name": "voltron-dev1",
            "network": "projects/projectvoltron/global/networks/dev-vpc-network",
            "network_policy": [
              {
                "enabled": false,
                "provider": "PROVIDER_UNSPECIFIED"
              }
            ],
            "node_config": [],
            "node_locations": [
              "europe-west3-a",
              "europe-west3-b",
              "europe-west3-c"
            ],
            "node_pool": [],
            "node_version": "1.16.13-gke.401",
            "operation": null,
            "pod_security_policy_config": null,
            "private_cluster_config": [
              {
                "enable_private_endpoint": false,
                "enable_private_nodes": true,
                "master_ipv4_cidr_block": "172.16.10.0/28",
                "peering_name": "gke-nf2be0703280f1cc0c50-44cb-388e-peer",
                "private_endpoint": "172.16.10.2",
                "public_endpoint": "35.246.139.104"
              }
            ],
            "project": "projectvoltron",
            "region": null,
            "remove_default_node_pool": true,
            "resource_labels": null,
            "resource_usage_export_config": [],
            "services_ipv4_cidr": "10.4.0.0/20",
            "subnetwork": "projects/projectvoltron/regions/europe-west3/subnetworks/dev1-subnetwork",
            "timeouts": {
              "create": "30m",
              "delete": null,
              "read": null,
              "update": "40m"
            },
            "vertical_pod_autoscaling": [],
            "workload_identity_config": [],
            "zone": null
          },
          "private": "eyJlMmJmYjczMC1lY2FhLTExZTYtOGY4OC0zNDM2M2JjN2M0YzAiOnsiY3JlYXRlIjoxODAwMDAwMDAwMDAwLCJkZWxldGUiOjI0MDAwMDAwMDAwMDAsInJlYWQiOjI0MDAwMDAwMDAwMDAsInVwZGF0ZSI6MjQwMDAwMDAwMDAwMH0sInNjaGVtYV92ZXJzaW9uIjoiMSJ9",
          "dependencies": [
            "google_compute_network.gcn_vpc",
            "google_compute_subnetwork.gcs_compute_subnetwork"
          ]
        }
      ]
    },
    {
      "mode": "managed",
      "type": "google_container_node_pool",
      "name": "gcnp-container-node-pool",
      "provider": "provider.google",
      "instances": [
        {
          "schema_version": 1,
          "attributes": {
            "autoscaling": [
              {
                "max_node_count": 2,
                "min_node_count": 1
              }
            ],
            "cluster": "voltron-dev1",
            "id": "projects/projectvoltron/locations/europe-west3/clusters/voltron-dev1/nodePools/dev1-node-pool",
            "initial_node_count": 1,
            "instance_group_urls": [
              "https://www.googleapis.com/compute/v1/projects/projectvoltron/zones/europe-west3-a/instanceGroupManagers/gke-voltron-dev1-dev1-node-pool-46ae6fa0-grp",
              "https://www.googleapis.com/compute/v1/projects/projectvoltron/zones/europe-west3-c/instanceGroupManagers/gke-voltron-dev1-dev1-node-pool-abb2c6f2-grp",
              "https://www.googleapis.com/compute/v1/projects/projectvoltron/zones/europe-west3-b/instanceGroupManagers/gke-voltron-dev1-dev1-node-pool-0e98646c-grp"
            ],
            "location": "europe-west3",
            "management": [
              {
                "auto_repair": true,
                "auto_upgrade": true
              }
            ],
            "max_pods_per_node": 110,
            "name": "dev1-node-pool",
            "name_prefix": "",
            "node_config": [
              {
                "disk_size_gb": 100,
                "disk_type": "pd-standard",
                "guest_accelerator": [],
                "image_type": "COS",
                "labels": {},
                "local_ssd_count": 0,
                "machine_type": "n1-standard-2",
                "metadata": {
                  "disable-legacy-endpoints": "true"
                },
                "min_cpu_platform": "",
                "oauth_scopes": [
                  "https://www.googleapis.com/auth/cloud-platform"
                ],
                "preemptible": true,
                "sandbox_config": [],
                "service_account": "default",
                "shielded_instance_config": [
                  {
                    "enable_integrity_monitoring": true,
                    "enable_secure_boot": false
                  }
                ],
                "tags": null,
                "taint": [],
                "workload_metadata_config": []
              }
            ],
            "node_count": 1,
            "node_locations": [
              "europe-west3-a",
              "europe-west3-b",
              "europe-west3-c"
            ],
            "project": "projectvoltron",
            "region": null,
            "timeouts": null,
            "upgrade_settings": [
              {
                "max_surge": 1,
                "max_unavailable": 0
              }
            ],
            "version": "1.16.13-gke.401",
            "zone": null
          },
          "private": "eyJlMmJmYjczMC1lY2FhLTExZTYtOGY4OC0zNDM2M2JjN2M0YzAiOnsiY3JlYXRlIjoxODAwMDAwMDAwMDAwLCJkZWxldGUiOjE4MDAwMDAwMDAwMDAsInVwZGF0ZSI6MTgwMDAwMDAwMDAwMH0sInNjaGVtYV92ZXJzaW9uIjoiMSJ9",
          "dependencies": [
            "google_compute_network.gcn_vpc",
            "google_compute_subnetwork.gcs_compute_subnetwork",
            "google_container_cluster.gcc-cls"
          ]
        }
      ]
    }
  ]
}
