dependencies:
- name: argo-workflows
  repository: https://argoproj.github.io/argo-helm
  version: 0.8.0
- name: minio
  repository: https://charts.bitnami.com/bitnami
  version: 7.1.6
digest: sha256:cc1803cb27e1524973daf5795e4f98735d22961454e718b2a63e1a9ecd832221
generated: "2021-10-25T12:45:06.988257+02:00"
